github.com/gempir/go-twitch-irc/v4 v4.4.1 h1:R1WxeDyOiwHpt6rn96yZcXTS+Bri30n7pNvIjTMH598=
github.com/gempir/go-twitch-irc/v4 v4.4.1/go.mod h1:QsOMMAk470uxQ7EYD9GJBGAVqM/jDrXBNbuePfTauzg=
github.com/pelletier/go-toml/v2 v2.4.3 h1:GTRvJQutkOSftxIFD5xw9aepkYNuPWmVJpffdDPYVpY=
github.com/pelletier/go-toml/v2 v2.4.3/go.mod h1:2gIqNv+qfxSVS7cM2xJQKtLSTLUE9V8t9Stt+h56mCY=
